
Microsoft Visual Studio Solution File, Format Version 12.00
# Visual Studio Version 17
VisualStudioVersion = 17.3.32804.467
MinimumVisualStudioVersion = 10.0.40219.1
Project("{FAE04EC0-301F-11D3-BF4B-00C04F79EFBC}") = "CherryPick", "CherryPick\CherryPick.csproj", "{8AE85224-0DE0-4655-AF12-238ACD390C26}"
EndProject
Global
	GlobalSection(SolutionConfigurationPlatforms) = preSolution
		Debug|Any CPU = Debug|Any CPU
		Release|Any CPU = Release|Any CPU
	EndGlobalSection
	GlobalSection(ProjectConfigurationPlatforms) = postSolution
		{8AE85224-0DE0-4655-AF12-238ACD390C26}.Debug|Any CPU.ActiveCfg = Debug|Any CPU
		{8AE85224-0DE0-4655-AF12-238ACD390C26}.Debug|Any CPU.Build.0 = Debug|Any CPU
		{8AE85224-0DE0-4655-AF12-238ACD390C26}.Release|Any CPU.ActiveCfg = Release|Any CPU
		{8AE85224-0DE0-4655-AF12-238ACD390C26}.Release|Any CPU.Build.0 = Release|Any CPU
	EndGlobalSection
	GlobalSection(SolutionProperties) = preSolution
		HideSolutionNode = FALSE
	EndGlobalSection
	GlobalSection(ExtensibilityGlobals) = postSolution
		SolutionGuid = {23F6B8D6-773A-449A-890C-51C744799674}
	EndGlobalSection
EndGlobal
